// !$*UTF8*$!
{
	archiveVersion = 1;
	classes = {
	};
	objectVersion = 46;
	objects = {

/* Begin PBXBuildFile section */
		95126C971F0EEC1000AC2A87 /* BorrowTracker.xcdatamodeld in Sources */ = {isa = PBXBuildFile; fileRef = 95126C951F0EEC1000AC2A87 /* BorrowTracker.xcdatamodeld */; };
		95126C9A1F0EEEB600AC2A87 /* Asset+CoreDataClass.swift in Sources */ = {isa = PBXBuildFile; fileRef = 95126C981F0EEEB600AC2A87 /* Asset+CoreDataClass.swift */; };
		95126C9B1F0EEEB600AC2A87 /* Asset+CoreDataProperties.swift in Sources */ = {isa = PBXBuildFile; fileRef = 95126C991F0EEEB600AC2A87 /* Asset+CoreDataProperties.swift */; };
		95126C9E1F101B5D00AC2A87 /* LendingViewController.swift in Sources */ = {isa = PBXBuildFile; fileRef = 95126C9D1F101B5D00AC2A87 /* LendingViewController.swift */; };
		95126CA31F10597300AC2A87 /* AssetDataSource.swift in Sources */ = {isa = PBXBuildFile; fileRef = 95126CA21F10597300AC2A87 /* AssetDataSource.swift */; };
		959D32C11F0C2199002977E9 /* AppDelegate.swift in Sources */ = {isa = PBXBuildFile; fileRef = 959D32C01F0C2199002977E9 /* AppDelegate.swift */; };
		959D32C61F0C2199002977E9 /* Main.storyboard in Resources */ = {isa = PBXBuildFile; fileRef = 959D32C41F0C2199002977E9 /* Main.storyboard */; };
		959D32CB1F0C2199002977E9 /* Assets.xcassets in Resources */ = {isa = PBXBuildFile; fileRef = 959D32CA1F0C2199002977E9 /* Assets.xcassets */; };
		959D32CE1F0C2199002977E9 /* LaunchScreen.storyboard in Resources */ = {isa = PBXBuildFile; fileRef = 959D32CC1F0C2199002977E9 /* LaunchScreen.storyboard */; };
/* End PBXBuildFile section */

/* Begin PBXFileReference section */
		95126C961F0EEC1000AC2A87 /* BorrowTracker.xcdatamodel */ = {isa = PBXFileReference; lastKnownFileType = wrapper.xcdatamodel; path = BorrowTracker.xcdatamodel; sourceTree = "<group>"; };
		95126C981F0EEEB600AC2A87 /* Asset+CoreDataClass.swift */ = {isa = PBXFileReference; fileEncoding = 4; lastKnownFileType = sourcecode.swift; name = "Asset+CoreDataClass.swift"; path = "../Asset+CoreDataClass.swift"; sourceTree = "<group>"; };
		95126C991F0EEEB600AC2A87 /* Asset+CoreDataProperties.swift */ = {isa = PBXFileReference; fileEncoding = 4; lastKnownFileType = sourcecode.swift; name = "Asset+CoreDataProperties.swift"; path = "../Asset+CoreDataProperties.swift"; sourceTree = "<group>"; };
		95126C9D1F101B5D00AC2A87 /* LendingViewController.swift */ = {isa = PBXFileReference; fileEncoding = 4; lastKnownFileType = sourcecode.swift; path = LendingViewController.swift; sourceTree = "<group>"; };
		95126CA21F10597300AC2A87 /* AssetDataSource.swift */ = {isa = PBXFileReference; fileEncoding = 4; lastKnownFileType = sourcecode.swift; path = AssetDataSource.swift; sourceTree = "<group>"; };
		959D32BD1F0C2199002977E9 /* BorrowTracker.app */ = {isa = PBXFileReference; explicitFileType = wrapper.application; includeInIndex = 0; path = BorrowTracker.app; sourceTree = BUILT_PRODUCTS_DIR; };
		959D32C01F0C2199002977E9 /* AppDelegate.swift */ = {isa = PBXFileReference; lastKnownFileType = sourcecode.swift; path = AppDelegate.swift; sourceTree = "<group>"; };
		959D32C51F0C2199002977E9 /* Base */ = {isa = PBXFileReference; lastKnownFileType = file.storyboard; name = Base; path = Base.lproj/Main.storyboard; sourceTree = "<group>"; };
		959D32CA1F0C2199002977E9 /* Assets.xcassets */ = {isa = PBXFileReference; lastKnownFileType = folder.assetcatalog; path = Assets.xcassets; sourceTree = "<group>"; };
		959D32CD1F0C2199002977E9 /* Base */ = {isa = PBXFileReference; lastKnownFileType = file.storyboard; name = Base; path = Base.lproj/LaunchScreen.storyboard; sourceTree = "<group>"; };
		959D32CF1F0C2199002977E9 /* Info.plist */ = {isa = PBXFileReference; lastKnownFileType = text.plist.xml; path = Info.plist; sourceTree = "<group>"; };
/* End PBXFileReference section */

/* Begin PBXFrameworksBuildPhase section */
		959D32BA1F0C2199002977E9 /* Frameworks */ = {
			isa = PBXFrameworksBuildPhase;
			buildActionMask = 2147483647;
			files = (
			);
			runOnlyForDeploymentPostprocessing = 0;
		};
/* End PBXFrameworksBuildPhase section */

/* Begin PBXGroup section */
		95126C9C1F101B2F00AC2A87 /* Controller */ = {
			isa = PBXGroup;
			children = (
				95126C9D1F101B5D00AC2A87 /* LendingViewController.swift */,
			);
			name = Controller;
			sourceTree = "<group>";
		};
		95126CA01F10561300AC2A87 /* View */ = {
			isa = PBXGroup;
			children = (
			);
			name = View;
			sourceTree = "<group>";
		};
		95126CA11F10593C00AC2A87 /* Core Data */ = {
			isa = PBXGroup;
			children = (
				95126C981F0EEEB600AC2A87 /* Asset+CoreDataClass.swift */,
				95126C991F0EEEB600AC2A87 /* Asset+CoreDataProperties.swift */,
				95126C951F0EEC1000AC2A87 /* BorrowTracker.xcdatamodeld */,
			);
			name = "Core Data";
			sourceTree = "<group>";
		};
		959D32B41F0C2199002977E9 = {
			isa = PBXGroup;
			children = (
				959D32BF1F0C2199002977E9 /* BorrowTracker */,
				959D32BE1F0C2199002977E9 /* Products */,
			);
			sourceTree = "<group>";
		};
		959D32BE1F0C2199002977E9 /* Products */ = {
			isa = PBXGroup;
			children = (
				959D32BD1F0C2199002977E9 /* BorrowTracker.app */,
			);
			name = Products;
			sourceTree = "<group>";
		};
		959D32BF1F0C2199002977E9 /* BorrowTracker */ = {
			isa = PBXGroup;
			children = (
				959D32E21F0EE7AA002977E9 /* Model */,
				95126CA01F10561300AC2A87 /* View */,
				95126C9C1F101B2F00AC2A87 /* Controller */,
				959D32E31F0EE7DC002977E9 /* Storyboards */,
				959D32CA1F0C2199002977E9 /* Assets.xcassets */,
				959D32C01F0C2199002977E9 /* AppDelegate.swift */,
				959D32CF1F0C2199002977E9 /* Info.plist */,
			);
			path = BorrowTracker;
			sourceTree = "<group>";
		};
		959D32E21F0EE7AA002977E9 /* Model */ = {
			isa = PBXGroup;
			children = (
				95126CA21F10597300AC2A87 /* AssetDataSource.swift */,
				95126CA11F10593C00AC2A87 /* Core Data */,
			);
			name = Model;
			sourceTree = "<group>";
		};
		959D32E31F0EE7DC002977E9 /* Storyboards */ = {
			isa = PBXGroup;
			children = (
				959D32C41F0C2199002977E9 /* Main.storyboard */,
				959D32CC1F0C2199002977E9 /* LaunchScreen.storyboard */,
			);
			name = Storyboards;
			sourceTree = "<group>";
		};
/* End PBXGroup section */

/* Begin PBXNativeTarget section */
		959D32BC1F0C2199002977E9 /* BorrowTracker */ = {
			isa = PBXNativeTarget;
			buildConfigurationList = 959D32D21F0C2199002977E9 /* Build configuration list for PBXNativeTarget "BorrowTracker" */;
			buildPhases = (
				959D32B91F0C2199002977E9 /* Sources */,
				959D32BA1F0C2199002977E9 /* Frameworks */,
				959D32BB1F0C2199002977E9 /* Resources */,
			);
			buildRules = (
			);
			dependencies = (
			);
			name = BorrowTracker;
			productName = BorrowTracker;
			productReference = 959D32BD1F0C2199002977E9 /* BorrowTracker.app */;
			productType = "com.apple.product-type.application";
		};
/* End PBXNativeTarget section */

/* Begin PBXProject section */
		959D32B51F0C2199002977E9 /* Project object */ = {
			isa = PBXProject;
			attributes = {
				LastSwiftUpdateCheck = 0830;
				LastUpgradeCheck = 0830;
				ORGANIZATIONNAME = "Jeffrey Eng";
				TargetAttributes = {
					959D32BC1F0C2199002977E9 = {
						CreatedOnToolsVersion = 8.3.3;
						DevelopmentTeam = C24EPTZG2L;
						ProvisioningStyle = Automatic;
					};
				};
			};
			buildConfigurationList = 959D32B81F0C2199002977E9 /* Build configuration list for PBXProject "BorrowTracker" */;
			compatibilityVersion = "Xcode 3.2";
			developmentRegion = English;
			hasScannedForEncodings = 0;
			knownRegions = (
				en,
				Base,
			);
			mainGroup = 959D32B41F0C2199002977E9;
			productRefGroup = 959D32BE1F0C2199002977E9 /* Products */;
			projectDirPath = "";
			projectRoot = "";
			targets = (
				959D32BC1F0C2199002977E9 /* BorrowTracker */,
			);
		};
/* End PBXProject section */

/* Begin PBXResourcesBuildPhase section */
		959D32BB1F0C2199002977E9 /* Resources */ = {
			isa = PBXResourcesBuildPhase;
			buildActionMask = 2147483647;
			files = (
				959D32CE1F0C2199002977E9 /* LaunchScreen.storyboard in Resources */,
				959D32CB1F0C2199002977E9 /* Assets.xcassets in Resources */,
				959D32C61F0C2199002977E9 /* Main.storyboard in Resources */,
			);
			runOnlyForDeploymentPostprocessing = 0;
		};
/* End PBXResourcesBuildPhase section */

/* Begin PBXSourcesBuildPhase section */
		959D32B91F0C2199002977E9 /* Sources */ = {
			isa = PBXSourcesBuildPhase;
			buildActionMask = 2147483647;
			files = (
				95126C9B1F0EEEB600AC2A87 /* Asset+CoreDataProperties.swift in Sources */,
				959D32C11F0C2199002977E9 /* AppDelegate.swift in Sources */,
				95126C971F0EEC1000AC2A87 /* BorrowTracker.xcdatamodeld in Sources */,
				95126CA31F10597300AC2A87 /* AssetDataSource.swift in Sources */,
				95126C9A1F0EEEB600AC2A87 /* Asset+CoreDataClass.swift in Sources */,
				95126C9E1F101B5D00AC2A87 /* LendingViewController.swift in Sources */,
			);
			runOnlyForDeploymentPostprocessing = 0;
		};
/* End PBXSourcesBuildPhase section */

/* Begin PBXVariantGroup section */
		959D32C41F0C2199002977E9 /* Main.storyboard */ = {
			isa = PBXVariantGroup;
			children = (
				959D32C51F0C2199002977E9 /* Base */,
			);
			name = Main.storyboard;
			sourceTree = "<group>";
		};
		959D32CC1F0C2199002977E9 /* LaunchScreen.storyboard */ = {
			isa = PBXVariantGroup;
			children = (
				959D32CD1F0C2199002977E9 /* Base */,
			);
			name = LaunchScreen.storyboard;
			sourceTree = "<group>";
		};
/* End PBXVariantGroup section */

/* Begin XCBuildConfiguration section */
		959D32D01F0C2199002977E9 /* Debug */ = {
			isa = XCBuildConfiguration;
			buildSettings = {
				ALWAYS_SEARCH_USER_PATHS = NO;
				CLANG_ANALYZER_NONNULL = YES;
				CLANG_ANALYZER_NUMBER_OBJECT_CONVERSION = YES_AGGRESSIVE;
				CLANG_CXX_LANGUAGE_STANDARD = "gnu++0x";
				CLANG_CXX_LIBRARY = "libc++";
				CLANG_ENABLE_MODULES = YES;
				CLANG_ENABLE_OBJC_ARC = YES;
				CLANG_WARN_BOOL_CONVERSION = YES;
				CLANG_WARN_CONSTANT_CONVERSION = YES;
				CLANG_WARN_DIRECT_OBJC_ISA_USAGE = YES_ERROR;
				CLANG_WARN_DOCUMENTATION_COMMENTS = YES;
				CLANG_WARN_EMPTY_BODY = YES;
				CLANG_WARN_ENUM_CONVERSION = YES;
				CLANG_WARN_INFINITE_RECURSION = YES;
				CLANG_WARN_INT_CONVERSION = YES;
				CLANG_WARN_OBJC_ROOT_CLASS = YES_ERROR;
				CLANG_WARN_SUSPICIOUS_MOVE = YES;
				CLANG_WARN_UNREACHABLE_CODE = YES;
				CLANG_WARN__DUPLICATE_METHOD_MATCH = YES;
				"CODE_SIGN_IDENTITY[sdk=iphoneos*]" = "iPhone Developer";
				COPY_PHASE_STRIP = NO;
				DEBUG_INFORMATION_FORMAT = dwarf;
				ENABLE_STRICT_OBJC_MSGSEND = YES;
				ENABLE_TESTABILITY = YES;
				GCC_C_LANGUAGE_STANDARD = gnu99;
				GCC_DYNAMIC_NO_PIC = NO;
				GCC_NO_COMMON_BLOCKS = YES;
				GCC_OPTIMIZATION_LEVEL = 0;
				GCC_PREPROCESSOR_DEFINITIONS = (
					"DEBUG=1",
					"$(inherited)",
				);
				GCC_WARN_64_TO_32_BIT_CONVERSION = YES;
				GCC_WARN_ABOUT_RETURN_TYPE = YES_ERROR;
				GCC_WARN_UNDECLARED_SELECTOR = YES;
				GCC_WARN_UNINITIALIZED_AUTOS = YES_AGGRESSIVE;
				GCC_WARN_UNUSED_FUNCTION = YES;
				GCC_WARN_UNUSED_VARIABLE = YES;
				IPHONEOS_DEPLOYMENT_TARGET = 10.3;
				MTL_ENABLE_DEBUG_INFO = YES;
				ONLY_ACTIVE_ARCH = YES;
				SDKROOT = iphoneos;
				SWIFT_ACTIVE_COMPILATION_CONDITIONS = DEBUG;
				SWIFT_OPTIMIZATION_LEVEL = "-Onone";
				TARGETED_DEVICE_FAMILY = "1,2";
			};
			name = Debug;
		};
		959D32D11F0C2199002977E9 /* Release */ = {
			isa = XCBuildConfiguration;
			buildSettings = {
				ALWAYS_SEARCH_USER_PATHS = NO;
				CLANG_ANALYZER_NONNULL = YES;
				CLANG_ANALYZER_NUMBER_OBJECT_CONVERSION = YES_AGGRESSIVE;
				CLANG_CXX_LANGUAGE_STANDARD = "gnu++0x";
				CLANG_CXX_LIBRARY = "libc++";
				CLANG_ENABLE_MODULES = YES;
				CLANG_ENABLE_OBJC_ARC = YES;
				CLANG_WARN_BOOL_CONVERSION = YES;
				CLANG_WARN_CONSTANT_CONVERSION = YES;
				CLANG_WARN_DIRECT_OBJC_ISA_USAGE = YES_ERROR;
				CLANG_WARN_DOCUMENTATION_COMMENTS = YES;
				CLANG_WARN_EMPTY_BODY = YES;
				CLANG_WARN_ENUM_CONVERSION = YES;
				CLANG_WARN_INFINITE_RECURSION = YES;
				CLANG_WARN_INT_CONVERSION = YES;
				CLANG_WARN_OBJC_ROOT_CLASS = YES_ERROR;
				CLANG_WARN_SUSPICIOUS_MOVE = YES;
				CLANG_WARN_UNREACHABLE_CODE = YES;
				CLANG_WARN__DUPLICATE_METHOD_MATCH = YES;
				"CODE_SIGN_IDENTITY[sdk=iphoneos*]" = "iPhone Developer";
				COPY_PHASE_STRIP = NO;
				DEBUG_INFORMATION_FORMAT = "dwarf-with-dsym";
				ENABLE_NS_ASSERTIONS = NO;
				ENABLE_STRICT_OBJC_MSGSEND = YES;
				GCC_C_LANGUAGE_STANDARD = gnu99;
				GCC_NO_COMMON_BLOCKS = YES;
				GCC_WARN_64_TO_32_BIT_CONVERSION = YES;
				GCC_WARN_ABOUT_RETURN_TYPE = YES_ERROR;
				GCC_WARN_UNDECLARED_SELECTOR = YES;
				GCC_WARN_UNINITIALIZED_AUTOS = YES_AGGRESSIVE;
				GCC_WARN_UNUSED_FUNCTION = YES;
				GCC_WARN_UNUSED_VARIABLE = YES;
				IPHONEOS_DEPLOYMENT_TARGET = 10.3;
				MTL_ENABLE_DEBUG_INFO = NO;
				SDKROOT = iphoneos;
				SWIFT_OPTIMIZATION_LEVEL = "-Owholemodule";
				TARGETED_DEVICE_FAMILY = "1,2";
				VALIDATE_PRODUCT = YES;
			};
			name = Release;
		};
		959D32D31F0C2199002977E9 /* Debug */ = {
			isa = XCBuildConfiguration;
			buildSettings = {
				ASSETCATALOG_COMPILER_APPICON_NAME = AppIcon;
				DEVELOPMENT_TEAM = C24EPTZG2L;
				INFOPLIST_FILE = BorrowTracker/Info.plist;
				LD_RUNPATH_SEARCH_PATHS = "$(inherited) @executable_path/Frameworks";
				PRODUCT_BUNDLE_IDENTIFIER = com.jeffeng.BorrowTracker;
				PRODUCT_NAME = "$(TARGET_NAME)";
				SWIFT_VERSION = 3.0;
			};
			name = Debug;
		};
		959D32D41F0C2199002977E9 /* Release */ = {
			isa = XCBuildConfiguration;
			buildSettings = {
				ASSETCATALOG_COMPILER_APPICON_NAME = AppIcon;
				DEVELOPMENT_TEAM = C24EPTZG2L;
				INFOPLIST_FILE = BorrowTracker/Info.plist;
				LD_RUNPATH_SEARCH_PATHS = "$(inherited) @executable_path/Frameworks";
				PRODUCT_BUNDLE_IDENTIFIER = com.jeffeng.BorrowTracker;
				PRODUCT_NAME = "$(TARGET_NAME)";
				SWIFT_VERSION = 3.0;
			};
			name = Release;
		};
/* End XCBuildConfiguration section */

/* Begin XCConfigurationList section */
		959D32B81F0C2199002977E9 /* Build configuration list for PBXProject "BorrowTracker" */ = {
			isa = XCConfigurationList;
			buildConfigurations = (
				959D32D01F0C2199002977E9 /* Debug */,
				959D32D11F0C2199002977E9 /* Release */,
			);
			defaultConfigurationIsVisible = 0;
			defaultConfigurationName = Release;
		};
		959D32D21F0C2199002977E9 /* Build configuration list for PBXNativeTarget "BorrowTracker" */ = {
			isa = XCConfigurationList;
			buildConfigurations = (
				959D32D31F0C2199002977E9 /* Debug */,
				959D32D41F0C2199002977E9 /* Release */,
			);
			defaultConfigurationIsVisible = 0;
			defaultConfigurationName = Release;
		};
/* End XCConfigurationList section */

/* Begin XCVersionGroup section */
		95126C951F0EEC1000AC2A87 /* BorrowTracker.xcdatamodeld */ = {
			isa = XCVersionGroup;
			children = (
				95126C961F0EEC1000AC2A87 /* BorrowTracker.xcdatamodel */,
			);
			currentVersion = 95126C961F0EEC1000AC2A87 /* BorrowTracker.xcdatamodel */;
			path = BorrowTracker.xcdatamodeld;
			sourceTree = "<group>";
			versionGroupType = wrapper.xcdatamodel;
		};
/* End XCVersionGroup section */
	};
	rootObject = 959D32B51F0C2199002977E9 /* Project object */;
}
